// !$*UTF8*$!
{
	archiveVersion = 1;
	classes = {
	};
	objectVersion = 50;
	objects = {

/* Begin PBXBuildFile section */
		7C1F928F23CE5E6000456D51 /* CommentCell.swift in Sources */ = {isa = PBXBuildFile; fileRef = 7C1F928E23CE5E6000456D51 /* CommentCell.swift */; };
		7C1F929123CE5FD600456D51 /* Comment.swift in Sources */ = {isa = PBXBuildFile; fileRef = 7C1F929023CE5FD600456D51 /* Comment.swift */; };
		7C1F929423CE662C00456D51 /* NetworkService.swift in Sources */ = {isa = PBXBuildFile; fileRef = 7C1F929323CE662C00456D51 /* NetworkService.swift */; };
		7C1F929723CE6BD200456D51 /* CommentNetworkService.swift in Sources */ = {isa = PBXBuildFile; fileRef = 7C1F929623CE6BD200456D51 /* CommentNetworkService.swift */; };
		7C1F929923CE6D2600456D51 /* GetCommentResponse.swift in Sources */ = {isa = PBXBuildFile; fileRef = 7C1F929823CE6D2600456D51 /* GetCommentResponse.swift */; };
		7C1F929C23CE6E1400456D51 /* NetwokError.swift in Sources */ = {isa = PBXBuildFile; fileRef = 7C1F929B23CE6E1400456D51 /* NetwokError.swift */; };
		7C2D99AE23CE51F1007DA2EE /* AppDelegate.swift in Sources */ = {isa = PBXBuildFile; fileRef = 7C2D99AD23CE51F1007DA2EE /* AppDelegate.swift */; };
		7C2D99B023CE51F1007DA2EE /* SceneDelegate.swift in Sources */ = {isa = PBXBuildFile; fileRef = 7C2D99AF23CE51F1007DA2EE /* SceneDelegate.swift */; };
		7C2D99B223CE51F1007DA2EE /* CommentsViewController.swift in Sources */ = {isa = PBXBuildFile; fileRef = 7C2D99B123CE51F1007DA2EE /* CommentsViewController.swift */; };
		7C2D99B523CE51F1007DA2EE /* Comments.storyboard in Resources */ = {isa = PBXBuildFile; fileRef = 7C2D99B323CE51F1007DA2EE /* Comments.storyboard */; };
		7C2D99B723CE51F5007DA2EE /* Assets.xcassets in Resources */ = {isa = PBXBuildFile; fileRef = 7C2D99B623CE51F5007DA2EE /* Assets.xcassets */; };
		7C2D99BA23CE51F5007DA2EE /* LaunchScreen.storyboard in Resources */ = {isa = PBXBuildFile; fileRef = 7C2D99B823CE51F5007DA2EE /* LaunchScreen.storyboard */; };
/* End PBXBuildFile section */

/* Begin PBXFileReference section */
		7C1F928E23CE5E6000456D51 /* CommentCell.swift */ = {isa = PBXFileReference; lastKnownFileType = sourcecode.swift; path = CommentCell.swift; sourceTree = "<group>"; };
		7C1F929023CE5FD600456D51 /* Comment.swift */ = {isa = PBXFileReference; lastKnownFileType = sourcecode.swift; path = Comment.swift; sourceTree = "<group>"; };
		7C1F929323CE662C00456D51 /* NetworkService.swift */ = {isa = PBXFileReference; lastKnownFileType = sourcecode.swift; path = NetworkService.swift; sourceTree = "<group>"; };
		7C1F929623CE6BD200456D51 /* CommentNetworkService.swift */ = {isa = PBXFileReference; lastKnownFileType = sourcecode.swift; path = CommentNetworkService.swift; sourceTree = "<group>"; };
		7C1F929823CE6D2600456D51 /* GetCommentResponse.swift */ = {isa = PBXFileReference; lastKnownFileType = sourcecode.swift; path = GetCommentResponse.swift; sourceTree = "<group>"; };
		7C1F929B23CE6E1400456D51 /* NetwokError.swift */ = {isa = PBXFileReference; lastKnownFileType = sourcecode.swift; path = NetwokError.swift; sourceTree = "<group>"; };
		7C2D99AA23CE51F1007DA2EE /* MVC_N.app */ = {isa = PBXFileReference; explicitFileType = wrapper.application; includeInIndex = 0; path = MVC_N.app; sourceTree = BUILT_PRODUCTS_DIR; };
		7C2D99AD23CE51F1007DA2EE /* AppDelegate.swift */ = {isa = PBXFileReference; lastKnownFileType = sourcecode.swift; path = AppDelegate.swift; sourceTree = "<group>"; };
		7C2D99AF23CE51F1007DA2EE /* SceneDelegate.swift */ = {isa = PBXFileReference; lastKnownFileType = sourcecode.swift; path = SceneDelegate.swift; sourceTree = "<group>"; };
		7C2D99B123CE51F1007DA2EE /* CommentsViewController.swift */ = {isa = PBXFileReference; lastKnownFileType = sourcecode.swift; path = CommentsViewController.swift; sourceTree = "<group>"; };
		7C2D99B423CE51F1007DA2EE /* Base */ = {isa = PBXFileReference; lastKnownFileType = file.storyboard; name = Base; path = Base.lproj/Comments.storyboard; sourceTree = "<group>"; };
		7C2D99B623CE51F5007DA2EE /* Assets.xcassets */ = {isa = PBXFileReference; lastKnownFileType = folder.assetcatalog; path = Assets.xcassets; sourceTree = "<group>"; };
		7C2D99B923CE51F5007DA2EE /* Base */ = {isa = PBXFileReference; lastKnownFileType = file.storyboard; name = Base; path = Base.lproj/LaunchScreen.storyboard; sourceTree = "<group>"; };
		7C2D99BB23CE51F5007DA2EE /* Info.plist */ = {isa = PBXFileReference; lastKnownFileType = text.plist.xml; path = Info.plist; sourceTree = "<group>"; };
/* End PBXFileReference section */

/* Begin PBXFrameworksBuildPhase section */
		7C2D99A723CE51F1007DA2EE /* Frameworks */ = {
			isa = PBXFrameworksBuildPhase;
			buildActionMask = 2147483647;
			files = (
			);
			runOnlyForDeploymentPostprocessing = 0;
		};
/* End PBXFrameworksBuildPhase section */

/* Begin PBXGroup section */
		7C1F929223CE660C00456D51 /* NetworkService */ = {
			isa = PBXGroup;
			children = (
				7C1F929323CE662C00456D51 /* NetworkService.swift */,
			);
			path = NetworkService;
			sourceTree = "<group>";
		};
		7C1F929523CE6BA100456D51 /* CommentNetworkService */ = {
			isa = PBXGroup;
			children = (
				7C1F929623CE6BD200456D51 /* CommentNetworkService.swift */,
			);
			path = CommentNetworkService;
			sourceTree = "<group>";
		};
		7C1F929A23CE6D9100456D51 /* Respones */ = {
			isa = PBXGroup;
			children = (
				7C1F929823CE6D2600456D51 /* GetCommentResponse.swift */,
			);
			path = Respones;
			sourceTree = "<group>";
		};
		7C2D99A123CE51F1007DA2EE = {
			isa = PBXGroup;
			children = (
				7C2D99AC23CE51F1007DA2EE /* MVC_Prjct */,
				7C2D99AB23CE51F1007DA2EE /* Products */,
			);
			sourceTree = "<group>";
		};
		7C2D99AB23CE51F1007DA2EE /* Products */ = {
			isa = PBXGroup;
			children = (
				7C2D99AA23CE51F1007DA2EE /* MVC_N.app */,
			);
			name = Products;
			sourceTree = "<group>";
		};
		7C2D99AC23CE51F1007DA2EE /* MVC_Prjct */ = {
			isa = PBXGroup;
			children = (
				7C2D99C423CE5720007DA2EE /* Application */,
				7C2D99C523CE576E007DA2EE /* Comments */,
				7C2D99C923CE585F007DA2EE /* Supporting Files */,
			);
			path = MVC_Prjct;
			sourceTree = "<group>";
		};
		7C2D99C123CE565F007DA2EE /* Model */ = {
			isa = PBXGroup;
			children = (
				7C1F929B23CE6E1400456D51 /* NetwokError.swift */,
			);
			path = Model;
			sourceTree = "<group>";
		};
		7C2D99C223CE5667007DA2EE /* View */ = {
			isa = PBXGroup;
			children = (
				7C2D99B823CE51F5007DA2EE /* LaunchScreen.storyboard */,
			);
			path = View;
			sourceTree = "<group>";
		};
		7C2D99C323CE5706007DA2EE /* Controller */ = {
			isa = PBXGroup;
			children = (
				7C2D99AD23CE51F1007DA2EE /* AppDelegate.swift */,
				7C2D99AF23CE51F1007DA2EE /* SceneDelegate.swift */,
			);
			path = Controller;
			sourceTree = "<group>";
		};
		7C2D99C423CE5720007DA2EE /* Application */ = {
			isa = PBXGroup;
			children = (
				7C2D99C123CE565F007DA2EE /* Model */,
				7C2D99C223CE5667007DA2EE /* View */,
				7C2D99C323CE5706007DA2EE /* Controller */,
				7C1F929223CE660C00456D51 /* NetworkService */,
			);
			path = Application;
			sourceTree = "<group>";
		};
		7C2D99C523CE576E007DA2EE /* Comments */ = {
			isa = PBXGroup;
			children = (
				7C2D99C823CE577F007DA2EE /* Model */,
				7C2D99C723CE577A007DA2EE /* View */,
				7C2D99C623CE5774007DA2EE /* Controller */,
				7C1F929523CE6BA100456D51 /* CommentNetworkService */,
			);
			path = Comments;
			sourceTree = "<group>";
		};
		7C2D99C623CE5774007DA2EE /* Controller */ = {
			isa = PBXGroup;
			children = (
				7C2D99B123CE51F1007DA2EE /* CommentsViewController.swift */,
			);
			path = Controller;
			sourceTree = "<group>";
		};
		7C2D99C723CE577A007DA2EE /* View */ = {
			isa = PBXGroup;
			children = (
				7C2D99B323CE51F1007DA2EE /* Comments.storyboard */,
				7C1F928E23CE5E6000456D51 /* CommentCell.swift */,
			);
			path = View;
			sourceTree = "<group>";
		};
		7C2D99C823CE577F007DA2EE /* Model */ = {
			isa = PBXGroup;
			children = (
				7C1F929A23CE6D9100456D51 /* Respones */,
				7C1F929023CE5FD600456D51 /* Comment.swift */,
			);
			path = Model;
			sourceTree = "<group>";
		};
		7C2D99C923CE585F007DA2EE /* Supporting Files */ = {
			isa = PBXGroup;
			children = (
				7C2D99B623CE51F5007DA2EE /* Assets.xcassets */,
				7C2D99BB23CE51F5007DA2EE /* Info.plist */,
			);
			path = "Supporting Files";
			sourceTree = "<group>";
		};
/* End PBXGroup section */

/* Begin PBXNativeTarget section */
		7C2D99A923CE51F1007DA2EE /* MVC_Prjct */ = {
			isa = PBXNativeTarget;
			buildConfigurationList = 7C2D99BE23CE51F5007DA2EE /* Build configuration list for PBXNativeTarget "MVC_Prjct" */;
			buildPhases = (
				7C2D99A623CE51F1007DA2EE /* Sources */,
				7C2D99A723CE51F1007DA2EE /* Frameworks */,
				7C2D99A823CE51F1007DA2EE /* Resources */,
			);
			buildRules = (
			);
			dependencies = (
			);
			name = MVC_Prjct;
			productName = MVC_Prjct;
			productReference = 7C2D99AA23CE51F1007DA2EE /* MVC_N.app */;
			productType = "com.apple.product-type.application";
		};
/* End PBXNativeTarget section */

/* Begin PBXProject section */
		7C2D99A223CE51F1007DA2EE /* Project object */ = {
			isa = PBXProject;
			attributes = {
				LastSwiftUpdateCheck = 1120;
				LastUpgradeCheck = 1120;
				ORGANIZATIONNAME = "Алексей Макаров";
				TargetAttributes = {
					7C2D99A923CE51F1007DA2EE = {
						CreatedOnToolsVersion = 11.2.1;
					};
				};
			};
			buildConfigurationList = 7C2D99A523CE51F1007DA2EE /* Build configuration list for PBXProject "MVC_Prjct" */;
			compatibilityVersion = "Xcode 9.3";
			developmentRegion = en;
			hasScannedForEncodings = 0;
			knownRegions = (
				en,
				Base,
			);
			mainGroup = 7C2D99A123CE51F1007DA2EE;
			productRefGroup = 7C2D99AB23CE51F1007DA2EE /* Products */;
			projectDirPath = "";
			projectRoot = "";
			targets = (
				7C2D99A923CE51F1007DA2EE /* MVC_Prjct */,
			);
		};
/* End PBXProject section */

/* Begin PBXResourcesBuildPhase section */
		7C2D99A823CE51F1007DA2EE /* Resources */ = {
			isa = PBXResourcesBuildPhase;
			buildActionMask = 2147483647;
			files = (
				7C2D99BA23CE51F5007DA2EE /* LaunchScreen.storyboard in Resources */,
				7C2D99B723CE51F5007DA2EE /* Assets.xcassets in Resources */,
				7C2D99B523CE51F1007DA2EE /* Comments.storyboard in Resources */,
			);
			runOnlyForDeploymentPostprocessing = 0;
		};
/* End PBXResourcesBuildPhase section */

/* Begin PBXSourcesBuildPhase section */
		7C2D99A623CE51F1007DA2EE /* Sources */ = {
			isa = PBXSourcesBuildPhase;
			buildActionMask = 2147483647;
			files = (
				7C1F929123CE5FD600456D51 /* Comment.swift in Sources */,
				7C2D99B223CE51F1007DA2EE /* CommentsViewController.swift in Sources */,
				7C2D99AE23CE51F1007DA2EE /* AppDelegate.swift in Sources */,
				7C2D99B023CE51F1007DA2EE /* SceneDelegate.swift in Sources */,
				7C1F929423CE662C00456D51 /* NetworkService.swift in Sources */,
				7C1F929923CE6D2600456D51 /* GetCommentResponse.swift in Sources */,
				7C1F928F23CE5E6000456D51 /* CommentCell.swift in Sources */,
				7C1F929723CE6BD200456D51 /* CommentNetworkService.swift in Sources */,
				7C1F929C23CE6E1400456D51 /* NetwokError.swift in Sources */,
			);
			runOnlyForDeploymentPostprocessing = 0;
		};
/* End PBXSourcesBuildPhase section */

/* Begin PBXVariantGroup section */
		7C2D99B323CE51F1007DA2EE /* Comments.storyboard */ = {
			isa = PBXVariantGroup;
			children = (
				7C2D99B423CE51F1007DA2EE /* Base */,
			);
			name = Comments.storyboard;
			sourceTree = "<group>";
		};
		7C2D99B823CE51F5007DA2EE /* LaunchScreen.storyboard */ = {
			isa = PBXVariantGroup;
			children = (
				7C2D99B923CE51F5007DA2EE /* Base */,
			);
			name = LaunchScreen.storyboard;
			sourceTree = "<group>";
		};
/* End PBXVariantGroup section */

/* Begin XCBuildConfiguration section */
		7C2D99BC23CE51F5007DA2EE /* Debug */ = {
			isa = XCBuildConfiguration;
			buildSettings = {
				ALWAYS_SEARCH_USER_PATHS = NO;
				CLANG_ANALYZER_NONNULL = YES;
				CLANG_ANALYZER_NUMBER_OBJECT_CONVERSION = YES_AGGRESSIVE;
				CLANG_CXX_LANGUAGE_STANDARD = "gnu++14";
				CLANG_CXX_LIBRARY = "libc++";
				CLANG_ENABLE_MODULES = YES;
				CLANG_ENABLE_OBJC_ARC = YES;
				CLANG_ENABLE_OBJC_WEAK = YES;
				CLANG_WARN_BLOCK_CAPTURE_AUTORELEASING = YES;
				CLANG_WARN_BOOL_CONVERSION = YES;
				CLANG_WARN_COMMA = YES;
				CLANG_WARN_CONSTANT_CONVERSION = YES;
				CLANG_WARN_DEPRECATED_OBJC_IMPLEMENTATIONS = YES;
				CLANG_WARN_DIRECT_OBJC_ISA_USAGE = YES_ERROR;
				CLANG_WARN_DOCUMENTATION_COMMENTS = YES;
				CLANG_WARN_EMPTY_BODY = YES;
				CLANG_WARN_ENUM_CONVERSION = YES;
				CLANG_WARN_INFINITE_RECURSION = YES;
				CLANG_WARN_INT_CONVERSION = YES;
				CLANG_WARN_NON_LITERAL_NULL_CONVERSION = YES;
				CLANG_WARN_OBJC_IMPLICIT_RETAIN_SELF = YES;
				CLANG_WARN_OBJC_LITERAL_CONVERSION = YES;
				CLANG_WARN_OBJC_ROOT_CLASS = YES_ERROR;
				CLANG_WARN_RANGE_LOOP_ANALYSIS = YES;
				CLANG_WARN_STRICT_PROTOTYPES = YES;
				CLANG_WARN_SUSPICIOUS_MOVE = YES;
				CLANG_WARN_UNGUARDED_AVAILABILITY = YES_AGGRESSIVE;
				CLANG_WARN_UNREACHABLE_CODE = YES;
				CLANG_WARN__DUPLICATE_METHOD_MATCH = YES;
				COPY_PHASE_STRIP = NO;
				DEBUG_INFORMATION_FORMAT = dwarf;
				ENABLE_STRICT_OBJC_MSGSEND = YES;
				ENABLE_TESTABILITY = YES;
				GCC_C_LANGUAGE_STANDARD = gnu11;
				GCC_DYNAMIC_NO_PIC = NO;
				GCC_NO_COMMON_BLOCKS = YES;
				GCC_OPTIMIZATION_LEVEL = 0;
				GCC_PREPROCESSOR_DEFINITIONS = (
					"DEBUG=1",
					"$(inherited)",
				);
				GCC_WARN_64_TO_32_BIT_CONVERSION = YES;
				GCC_WARN_ABOUT_RETURN_TYPE = YES_ERROR;
				GCC_WARN_UNDECLARED_SELECTOR = YES;
				GCC_WARN_UNINITIALIZED_AUTOS = YES_AGGRESSIVE;
				GCC_WARN_UNUSED_FUNCTION = YES;
				GCC_WARN_UNUSED_VARIABLE = YES;
				IPHONEOS_DEPLOYMENT_TARGET = 13.0;
				MTL_ENABLE_DEBUG_INFO = INCLUDE_SOURCE;
				MTL_FAST_MATH = YES;
				ONLY_ACTIVE_ARCH = YES;
				SDKROOT = iphoneos;
				SWIFT_ACTIVE_COMPILATION_CONDITIONS = DEBUG;
				SWIFT_OPTIMIZATION_LEVEL = "-Onone";
			};
			name = Debug;
		};
		7C2D99BD23CE51F5007DA2EE /* Release */ = {
			isa = XCBuildConfiguration;
			buildSettings = {
				ALWAYS_SEARCH_USER_PATHS = NO;
				CLANG_ANALYZER_NONNULL = YES;
				CLANG_ANALYZER_NUMBER_OBJECT_CONVERSION = YES_AGGRESSIVE;
				CLANG_CXX_LANGUAGE_STANDARD = "gnu++14";
				CLANG_CXX_LIBRARY = "libc++";
				CLANG_ENABLE_MODULES = YES;
				CLANG_ENABLE_OBJC_ARC = YES;
				CLANG_ENABLE_OBJC_WEAK = YES;
				CLANG_WARN_BLOCK_CAPTURE_AUTORELEASING = YES;
				CLANG_WARN_BOOL_CONVERSION = YES;
				CLANG_WARN_COMMA = YES;
				CLANG_WARN_CONSTANT_CONVERSION = YES;
				CLANG_WARN_DEPRECATED_OBJC_IMPLEMENTATIONS = YES;
				CLANG_WARN_DIRECT_OBJC_ISA_USAGE = YES_ERROR;
				CLANG_WARN_DOCUMENTATION_COMMENTS = YES;
				CLANG_WARN_EMPTY_BODY = YES;
				CLANG_WARN_ENUM_CONVERSION = YES;
				CLANG_WARN_INFINITE_RECURSION = YES;
				CLANG_WARN_INT_CONVERSION = YES;
				CLANG_WARN_NON_LITERAL_NULL_CONVERSION = YES;
				CLANG_WARN_OBJC_IMPLICIT_RETAIN_SELF = YES;
				CLANG_WARN_OBJC_LITERAL_CONVERSION = YES;
				CLANG_WARN_OBJC_ROOT_CLASS = YES_ERROR;
				CLANG_WARN_RANGE_LOOP_ANALYSIS = YES;
				CLANG_WARN_STRICT_PROTOTYPES = YES;
				CLANG_WARN_SUSPICIOUS_MOVE = YES;
				CLANG_WARN_UNGUARDED_AVAILABILITY = YES_AGGRESSIVE;
				CLANG_WARN_UNREACHABLE_CODE = YES;
				CLANG_WARN__DUPLICATE_METHOD_MATCH = YES;
				COPY_PHASE_STRIP = NO;
				DEBUG_INFORMATION_FORMAT = "dwarf-with-dsym";
				ENABLE_NS_ASSERTIONS = NO;
				ENABLE_STRICT_OBJC_MSGSEND = YES;
				GCC_C_LANGUAGE_STANDARD = gnu11;
				GCC_NO_COMMON_BLOCKS = YES;
				GCC_WARN_64_TO_32_BIT_CONVERSION = YES;
				GCC_WARN_ABOUT_RETURN_TYPE = YES_ERROR;
				GCC_WARN_UNDECLARED_SELECTOR = YES;
				GCC_WARN_UNINITIALIZED_AUTOS = YES_AGGRESSIVE;
				GCC_WARN_UNUSED_FUNCTION = YES;
				GCC_WARN_UNUSED_VARIABLE = YES;
				IPHONEOS_DEPLOYMENT_TARGET = 13.0;
				MTL_ENABLE_DEBUG_INFO = NO;
				MTL_FAST_MATH = YES;
				SDKROOT = iphoneos;
				SWIFT_COMPILATION_MODE = wholemodule;
				SWIFT_OPTIMIZATION_LEVEL = "-O";
				VALIDATE_PRODUCT = YES;
			};
			name = Release;
		};
		7C2D99BF23CE51F5007DA2EE /* Debug */ = {
			isa = XCBuildConfiguration;
			buildSettings = {
				ASSETCATALOG_COMPILER_APPICON_NAME = AppIcon;
				CODE_SIGN_STYLE = Automatic;
				DEVELOPMENT_TEAM = CKWSAD96UP;
				INFOPLIST_FILE = "MVC_Prjct/Supporting Files/Info.plist";
				IPHONEOS_DEPLOYMENT_TARGET = 13.0;
				LD_RUNPATH_SEARCH_PATHS = (
					"$(inherited)",
					"@executable_path/Frameworks",
				);
				PRODUCT_BUNDLE_IDENTIFIER = "AM.MVC-Prjct";
				PRODUCT_NAME = MVC_N;
				SWIFT_VERSION = 5.0;
				TARGETED_DEVICE_FAMILY = 1;
			};
			name = Debug;
		};
		7C2D99C023CE51F5007DA2EE /* Release */ = {
			isa = XCBuildConfiguration;
			buildSettings = {
				ASSETCATALOG_COMPILER_APPICON_NAME = AppIcon;
				CODE_SIGN_STYLE = Automatic;
				DEVELOPMENT_TEAM = CKWSAD96UP;
				INFOPLIST_FILE = "MVC_Prjct/Supporting Files/Info.plist";
				IPHONEOS_DEPLOYMENT_TARGET = 13.0;
				LD_RUNPATH_SEARCH_PATHS = (
					"$(inherited)",
					"@executable_path/Frameworks",
				);
				PRODUCT_BUNDLE_IDENTIFIER = "AM.MVC-Prjct";
				PRODUCT_NAME = MVC_N;
				SWIFT_VERSION = 5.0;
				TARGETED_DEVICE_FAMILY = 1;
			};
			name = Release;
		};
/* End XCBuildConfiguration section */

/* Begin XCConfigurationList section */
		7C2D99A523CE51F1007DA2EE /* Build configuration list for PBXProject "MVC_Prjct" */ = {
			isa = XCConfigurationList;
			buildConfigurations = (
				7C2D99BC23CE51F5007DA2EE /* Debug */,
				7C2D99BD23CE51F5007DA2EE /* Release */,
			);
			defaultConfigurationIsVisible = 0;
			defaultConfigurationName = Release;
		};
		7C2D99BE23CE51F5007DA2EE /* Build configuration list for PBXNativeTarget "MVC_Prjct" */ = {
			isa = XCConfigurationList;
			buildConfigurations = (
				7C2D99BF23CE51F5007DA2EE /* Debug */,
				7C2D99C023CE51F5007DA2EE /* Release */,
			);
			defaultConfigurationIsVisible = 0;
			defaultConfigurationName = Release;
		};
/* End XCConfigurationList section */
	};
	rootObject = 7C2D99A223CE51F1007DA2EE /* Project object */;
}
